{
  "version": 4,
  "terraform_version": "1.10.5",
  "serial": 70,
  "lineage": "e56fedcb-dbac-9895-ea6c-58f049fa2573",
  "outputs": {
    "admin_password": {
      "value": "d}KASCq6@IMM8eTgzw=G",
      "type": "string",
      "sensitive": true
    },
    "public_ip_address": {
      "value": "20.234.224.77",
      "type": "string"
    },
    "resource_group_name": {
      "value": "win-vm-iis-reptile-rg",
      "type": "string"
    }
  },
  "resources": [
    {
      "mode": "managed",
      "type": "azurerm_network_interface",
      "name": "my_terraform_nic",
      "provider": "provider[\"registry.terraform.io/hashicorp/azurerm\"]",
      "instances": [
        {
          "schema_version": 0,
          "attributes": {
            "applied_dns_servers": [],
            "dns_servers": [],
            "edge_zone": "",
            "enable_accelerated_networking": false,
            "enable_ip_forwarding": false,
            "id": "/subscriptions/b2c03311-e026-4ea8-a2d0-d4506388ba48/resourceGroups/win-vm-iis-reptile-rg/providers/Microsoft.Network/networkInterfaces/win-vm-iis-reptile-nic",
            "internal_dns_name_label": "",
            "internal_domain_name_suffix": "hnikw5hyyefurbmh1liojlm4ea.ax.internal.cloudapp.net",
            "ip_configuration": [
              {
                "gateway_load_balancer_frontend_ip_configuration_id": "",
                "name": "my_nic_configuration",
                "primary": true,
                "private_ip_address": "10.0.1.4",
                "private_ip_address_allocation": "Dynamic",
                "private_ip_address_version": "IPv4",
                "public_ip_address_id": "/subscriptions/b2c03311-e026-4ea8-a2d0-d4506388ba48/resourceGroups/win-vm-iis-reptile-rg/providers/Microsoft.Network/publicIPAddresses/win-vm-iis-reptile-public-ip",
                "subnet_id": "/subscriptions/b2c03311-e026-4ea8-a2d0-d4506388ba48/resourceGroups/win-vm-iis-reptile-rg/providers/Microsoft.Network/virtualNetworks/win-vm-iis-reptile-vnet/subnets/win-vm-iis-reptile-subnet"
              }
            ],
            "location": "westeurope",
            "mac_address": "",
            "name": "win-vm-iis-reptile-nic",
            "private_ip_address": "10.0.1.4",
            "private_ip_addresses": [
              "10.0.1.4"
            ],
            "resource_group_name": "win-vm-iis-reptile-rg",
            "tags": null,
            "timeouts": null,
            "virtual_machine_id": ""
          },
          "sensitive_attributes": [],
          "private": "eyJlMmJmYjczMC1lY2FhLTExZTYtOGY4OC0zNDM2M2JjN2M0YzAiOnsiY3JlYXRlIjoxODAwMDAwMDAwMDAwLCJkZWxldGUiOjE4MDAwMDAwMDAwMDAsInJlYWQiOjMwMDAwMDAwMDAwMCwidXBkYXRlIjoxODAwMDAwMDAwMDAwfX0=",
          "dependencies": [
            "azurerm_public_ip.my_terraform_public_ip",
            "azurerm_resource_group.rg",
            "azurerm_subnet.my_terraform_subnet",
            "azurerm_virtual_network.my_terraform_network",
            "random_pet.prefix"
          ]
        }
      ]
    },
    {
      "mode": "managed",
      "type": "azurerm_network_interface_security_group_association",
      "name": "example",
      "provider": "provider[\"registry.terraform.io/hashicorp/azurerm\"]",
      "instances": [
        {
          "schema_version": 0,
          "attributes": {
            "id": "/subscriptions/b2c03311-e026-4ea8-a2d0-d4506388ba48/resourceGroups/win-vm-iis-reptile-rg/providers/Microsoft.Network/networkInterfaces/win-vm-iis-reptile-nic|/subscriptions/b2c03311-e026-4ea8-a2d0-d4506388ba48/resourceGroups/win-vm-iis-reptile-rg/providers/Microsoft.Network/networkSecurityGroups/win-vm-iis-reptile-nsg",
            "network_interface_id": "/subscriptions/b2c03311-e026-4ea8-a2d0-d4506388ba48/resourceGroups/win-vm-iis-reptile-rg/providers/Microsoft.Network/networkInterfaces/win-vm-iis-reptile-nic",
            "network_security_group_id": "/subscriptions/b2c03311-e026-4ea8-a2d0-d4506388ba48/resourceGroups/win-vm-iis-reptile-rg/providers/Microsoft.Network/networkSecurityGroups/win-vm-iis-reptile-nsg",
            "timeouts": null
          },
          "sensitive_attributes": [],
          "private": "eyJlMmJmYjczMC1lY2FhLTExZTYtOGY4OC0zNDM2M2JjN2M0YzAiOnsiY3JlYXRlIjoxODAwMDAwMDAwMDAwLCJkZWxldGUiOjE4MDAwMDAwMDAwMDAsInJlYWQiOjMwMDAwMDAwMDAwMCwidXBkYXRlIjoxODAwMDAwMDAwMDAwfX0=",
          "dependencies": [
            "azurerm_network_interface.my_terraform_nic",
            "azurerm_network_security_group.my_terraform_nsg",
            "azurerm_public_ip.my_terraform_public_ip",
            "azurerm_resource_group.rg",
            "azurerm_subnet.my_terraform_subnet",
            "azurerm_virtual_network.my_terraform_network",
            "random_pet.prefix"
          ]
        }
      ]
    },
    {
      "mode": "managed",
      "type": "azurerm_network_security_group",
      "name": "my_terraform_nsg",
      "provider": "provider[\"registry.terraform.io/hashicorp/azurerm\"]",
      "instances": [
        {
          "schema_version": 0,
          "attributes": {
            "id": "/subscriptions/b2c03311-e026-4ea8-a2d0-d4506388ba48/resourceGroups/win-vm-iis-reptile-rg/providers/Microsoft.Network/networkSecurityGroups/win-vm-iis-reptile-nsg",
            "location": "westeurope",
            "name": "win-vm-iis-reptile-nsg",
            "resource_group_name": "win-vm-iis-reptile-rg",
            "security_rule": [
              {
                "access": "Allow",
                "description": "",
                "destination_address_prefix": "*",
                "destination_address_prefixes": [],
                "destination_application_security_group_ids": [],
                "destination_port_range": "3389",
                "destination_port_ranges": [],
                "direction": "Inbound",
                "name": "RDP",
                "priority": 1000,
                "protocol": "*",
                "source_address_prefix": "*",
                "source_address_prefixes": [],
                "source_application_security_group_ids": [],
                "source_port_range": "*",
                "source_port_ranges": []
              },
              {
                "access": "Allow",
                "description": "",
                "destination_address_prefix": "*",
                "destination_address_prefixes": [],
                "destination_application_security_group_ids": [],
                "destination_port_range": "80",
                "destination_port_ranges": [],
                "direction": "Inbound",
                "name": "web",
                "priority": 1001,
                "protocol": "Tcp",
                "source_address_prefix": "*",
                "source_address_prefixes": [],
                "source_application_security_group_ids": [],
                "source_port_range": "*",
                "source_port_ranges": []
              }
            ],
            "tags": null,
            "timeouts": null
          },
          "sensitive_attributes": [],
          "private": "eyJlMmJmYjczMC1lY2FhLTExZTYtOGY4OC0zNDM2M2JjN2M0YzAiOnsiY3JlYXRlIjoxODAwMDAwMDAwMDAwLCJkZWxldGUiOjE4MDAwMDAwMDAwMDAsInJlYWQiOjMwMDAwMDAwMDAwMCwidXBkYXRlIjoxODAwMDAwMDAwMDAwfX0=",
          "dependencies": [
            "azurerm_resource_group.rg",
            "random_pet.prefix"
          ]
        }
      ]
    },
    {
      "mode": "managed",
      "type": "azurerm_public_ip",
      "name": "my_terraform_public_ip",
      "provider": "provider[\"registry.terraform.io/hashicorp/azurerm\"]",
      "instances": [
        {
          "schema_version": 0,
          "attributes": {
            "allocation_method": "Dynamic",
            "domain_name_label": null,
            "edge_zone": "",
            "fqdn": null,
            "id": "/subscriptions/b2c03311-e026-4ea8-a2d0-d4506388ba48/resourceGroups/win-vm-iis-reptile-rg/providers/Microsoft.Network/publicIPAddresses/win-vm-iis-reptile-public-ip",
            "idle_timeout_in_minutes": 4,
            "ip_address": "",
            "ip_tags": null,
            "ip_version": "IPv4",
            "location": "westeurope",
            "name": "win-vm-iis-reptile-public-ip",
            "public_ip_prefix_id": null,
            "resource_group_name": "win-vm-iis-reptile-rg",
            "reverse_fqdn": null,
            "sku": "Basic",
            "sku_tier": "Regional",
            "tags": null,
            "timeouts": null,
            "zones": null
          },
          "sensitive_attributes": [],
          "private": "eyJlMmJmYjczMC1lY2FhLTExZTYtOGY4OC0zNDM2M2JjN2M0YzAiOnsiY3JlYXRlIjoxODAwMDAwMDAwMDAwLCJkZWxldGUiOjE4MDAwMDAwMDAwMDAsInJlYWQiOjMwMDAwMDAwMDAwMCwidXBkYXRlIjoxODAwMDAwMDAwMDAwfX0=",
          "dependencies": [
            "azurerm_resource_group.rg",
            "random_pet.prefix"
          ]
        }
      ]
    },
    {
      "mode": "managed",
      "type": "azurerm_resource_group",
      "name": "rg",
      "provider": "provider[\"registry.terraform.io/hashicorp/azurerm\"]",
      "instances": [
        {
          "schema_version": 0,
          "attributes": {
            "id": "/subscriptions/b2c03311-e026-4ea8-a2d0-d4506388ba48/resourceGroups/win-vm-iis-reptile-rg",
            "location": "westeurope",
            "name": "win-vm-iis-reptile-rg",
            "tags": null,
            "timeouts": null
          },
          "sensitive_attributes": [],
          "private": "eyJlMmJmYjczMC1lY2FhLTExZTYtOGY4OC0zNDM2M2JjN2M0YzAiOnsiY3JlYXRlIjo1NDAwMDAwMDAwMDAwLCJkZWxldGUiOjU0MDAwMDAwMDAwMDAsInJlYWQiOjMwMDAwMDAwMDAwMCwidXBkYXRlIjo1NDAwMDAwMDAwMDAwfX0=",
          "dependencies": [
            "random_pet.prefix"
          ]
        }
      ]
    },
    {
      "mode": "managed",
      "type": "azurerm_storage_account",
      "name": "my_storage_account",
      "provider": "provider[\"registry.terraform.io/hashicorp/azurerm\"]",
      "instances": [
        {
          "schema_version": 3,
          "attributes": {
            "access_tier": "Hot",
            "account_kind": "StorageV2",
            "account_replication_type": "LRS",
            "account_tier": "Standard",
            "allow_nested_items_to_be_public": true,
            "azure_files_authentication": [],
            "blob_properties": [
              {
                "change_feed_enabled": false,
                "container_delete_retention_policy": [],
                "cors_rule": [],
                "default_service_version": "",
                "delete_retention_policy": [],
                "last_access_time_enabled": false,
                "versioning_enabled": false
              }
            ],
            "custom_domain": [],
            "customer_managed_key": [],
            "edge_zone": "",
            "enable_https_traffic_only": true,
            "id": "/subscriptions/b2c03311-e026-4ea8-a2d0-d4506388ba48/resourceGroups/win-vm-iis-reptile-rg/providers/Microsoft.Storage/storageAccounts/diagf7e5f9c15bea5c34",
            "identity": [],
            "infrastructure_encryption_enabled": false,
            "is_hns_enabled": false,
            "large_file_share_enabled": null,
            "location": "westeurope",
            "min_tls_version": "TLS1_2",
            "name": "diagf7e5f9c15bea5c34",
            "network_rules": [
              {
                "bypass": [
                  "AzureServices"
                ],
                "default_action": "Allow",
                "ip_rules": [],
                "private_link_access": [],
                "virtual_network_subnet_ids": []
              }
            ],
            "nfsv3_enabled": false,
            "primary_access_key": "h+Zoru455iruNT2dsp4+C7WAQoKVxQuIcxOkZfoMosbSQ0ETA5v8DT9h7oMoz/qm5BF1J4Ny+dyO+AStTMBB/g==",
            "primary_blob_connection_string": "DefaultEndpointsProtocol=https;BlobEndpoint=https://diagf7e5f9c15bea5c34.blob.core.windows.net/;AccountName=diagf7e5f9c15bea5c34;AccountKey=h+Zoru455iruNT2dsp4+C7WAQoKVxQuIcxOkZfoMosbSQ0ETA5v8DT9h7oMoz/qm5BF1J4Ny+dyO+AStTMBB/g==",
            "primary_blob_endpoint": "https://diagf7e5f9c15bea5c34.blob.core.windows.net/",
            "primary_blob_host": "diagf7e5f9c15bea5c34.blob.core.windows.net",
            "primary_connection_string": "DefaultEndpointsProtocol=https;AccountName=diagf7e5f9c15bea5c34;AccountKey=h+Zoru455iruNT2dsp4+C7WAQoKVxQuIcxOkZfoMosbSQ0ETA5v8DT9h7oMoz/qm5BF1J4Ny+dyO+AStTMBB/g==;EndpointSuffix=core.windows.net",
            "primary_dfs_endpoint": "https://diagf7e5f9c15bea5c34.dfs.core.windows.net/",
            "primary_dfs_host": "diagf7e5f9c15bea5c34.dfs.core.windows.net",
            "primary_file_endpoint": "https://diagf7e5f9c15bea5c34.file.core.windows.net/",
            "primary_file_host": "diagf7e5f9c15bea5c34.file.core.windows.net",
            "primary_location": "westeurope",
            "primary_queue_endpoint": "https://diagf7e5f9c15bea5c34.queue.core.windows.net/",
            "primary_queue_host": "diagf7e5f9c15bea5c34.queue.core.windows.net",
            "primary_table_endpoint": "https://diagf7e5f9c15bea5c34.table.core.windows.net/",
            "primary_table_host": "diagf7e5f9c15bea5c34.table.core.windows.net",
            "primary_web_endpoint": "https://diagf7e5f9c15bea5c34.z6.web.core.windows.net/",
            "primary_web_host": "diagf7e5f9c15bea5c34.z6.web.core.windows.net",
            "queue_encryption_key_type": "Service",
            "queue_properties": [
              {
                "cors_rule": [],
                "hour_metrics": [
                  {
                    "enabled": true,
                    "include_apis": true,
                    "retention_policy_days": 7,
                    "version": "1.0"
                  }
                ],
                "logging": [
                  {
                    "delete": false,
                    "read": false,
                    "retention_policy_days": 0,
                    "version": "1.0",
                    "write": false
                  }
                ],
                "minute_metrics": [
                  {
                    "enabled": false,
                    "include_apis": false,
                    "retention_policy_days": 0,
                    "version": "1.0"
                  }
                ]
              }
            ],
            "resource_group_name": "win-vm-iis-reptile-rg",
            "routing": [],
            "secondary_access_key": "7HcMEqLlRnOqc2PYf3pFTtYoowUi7IQyHGvAdR4K+Kn9I54ka91VPItHPM6z2k50h5PoYAg5oz2I+AStXiXu9g==",
            "secondary_blob_connection_string": "",
            "secondary_blob_endpoint": null,
            "secondary_blob_host": null,
            "secondary_connection_string": "DefaultEndpointsProtocol=https;AccountName=diagf7e5f9c15bea5c34;AccountKey=7HcMEqLlRnOqc2PYf3pFTtYoowUi7IQyHGvAdR4K+Kn9I54ka91VPItHPM6z2k50h5PoYAg5oz2I+AStXiXu9g==;EndpointSuffix=core.windows.net",
            "secondary_dfs_endpoint": null,
            "secondary_dfs_host": null,
            "secondary_file_endpoint": null,
            "secondary_file_host": null,
            "secondary_location": "",
            "secondary_queue_endpoint": null,
            "secondary_queue_host": null,
            "secondary_table_endpoint": null,
            "secondary_table_host": null,
            "secondary_web_endpoint": null,
            "secondary_web_host": null,
            "share_properties": [
              {
                "cors_rule": [],
                "retention_policy": [
                  {
                    "days": 7
                  }
                ],
                "smb": []
              }
            ],
            "shared_access_key_enabled": true,
            "static_website": [],
            "table_encryption_key_type": "Service",
            "tags": null,
            "timeouts": null
          },
          "sensitive_attributes": [
            [
              {
                "type": "get_attr",
                "value": "secondary_access_key"
              }
            ],
            [
              {
                "type": "get_attr",
                "value": "secondary_blob_connection_string"
              }
            ],
            [
              {
                "type": "get_attr",
                "value": "primary_blob_connection_string"
              }
            ],
            [
              {
                "type": "get_attr",
                "value": "secondary_connection_string"
              }
            ],
            [
              {
                "type": "get_attr",
                "value": "primary_access_key"
              }
            ],
            [
              {
                "type": "get_attr",
                "value": "primary_connection_string"
              }
            ]
          ],
          "private": "eyJlMmJmYjczMC1lY2FhLTExZTYtOGY4OC0zNDM2M2JjN2M0YzAiOnsiY3JlYXRlIjozNjAwMDAwMDAwMDAwLCJkZWxldGUiOjM2MDAwMDAwMDAwMDAsInJlYWQiOjMwMDAwMDAwMDAwMCwidXBkYXRlIjozNjAwMDAwMDAwMDAwfSwic2NoZW1hX3ZlcnNpb24iOiIzIn0=",
          "dependencies": [
            "azurerm_resource_group.rg",
            "random_id.random_id",
            "random_pet.prefix"
          ]
        }
      ]
    },
    {
      "mode": "managed",
      "type": "azurerm_subnet",
      "name": "my_terraform_subnet",
      "provider": "provider[\"registry.terraform.io/hashicorp/azurerm\"]",
      "instances": [
        {
          "schema_version": 0,
          "attributes": {
            "address_prefixes": [
              "10.0.1.0/24"
            ],
            "delegation": [],
            "enforce_private_link_endpoint_network_policies": false,
            "enforce_private_link_service_network_policies": false,
            "id": "/subscriptions/b2c03311-e026-4ea8-a2d0-d4506388ba48/resourceGroups/win-vm-iis-reptile-rg/providers/Microsoft.Network/virtualNetworks/win-vm-iis-reptile-vnet/subnets/win-vm-iis-reptile-subnet",
            "name": "win-vm-iis-reptile-subnet",
            "resource_group_name": "win-vm-iis-reptile-rg",
            "service_endpoint_policy_ids": null,
            "service_endpoints": null,
            "timeouts": null,
            "virtual_network_name": "win-vm-iis-reptile-vnet"
          },
          "sensitive_attributes": [],
          "private": "eyJlMmJmYjczMC1lY2FhLTExZTYtOGY4OC0zNDM2M2JjN2M0YzAiOnsiY3JlYXRlIjoxODAwMDAwMDAwMDAwLCJkZWxldGUiOjE4MDAwMDAwMDAwMDAsInJlYWQiOjMwMDAwMDAwMDAwMCwidXBkYXRlIjoxODAwMDAwMDAwMDAwfX0=",
          "dependencies": [
            "azurerm_resource_group.rg",
            "azurerm_virtual_network.my_terraform_network",
            "random_pet.prefix"
          ]
        }
      ]
    },
    {
      "mode": "managed",
      "type": "azurerm_virtual_machine_extension",
      "name": "web_server_install",
      "provider": "provider[\"registry.terraform.io/hashicorp/azurerm\"]",
      "instances": [
        {
          "schema_version": 0,
          "attributes": {
            "auto_upgrade_minor_version": true,
            "automatic_upgrade_enabled": false,
            "id": "/subscriptions/b2c03311-e026-4ea8-a2d0-d4506388ba48/resourceGroups/win-vm-iis-reptile-rg/providers/Microsoft.Compute/virtualMachines/win-vm-iis-vm/extensions/win-vm-iis-reptile-wsi",
            "name": "win-vm-iis-reptile-wsi",
            "protected_settings": null,
            "publisher": "Microsoft.Compute",
            "settings": "{\"commandToExecute\":\"powershell -ExecutionPolicy Unrestricted Install-WindowsFeature -Name Web-Server -IncludeAllSubFeature -IncludeManagementTools\"}",
            "tags": null,
            "timeouts": null,
            "type": "CustomScriptExtension",
            "type_handler_version": "1.8",
            "virtual_machine_id": "/subscriptions/b2c03311-e026-4ea8-a2d0-d4506388ba48/resourceGroups/win-vm-iis-reptile-rg/providers/Microsoft.Compute/virtualMachines/win-vm-iis-vm"
          },
          "sensitive_attributes": [
            [
              {
                "type": "get_attr",
                "value": "protected_settings"
              }
            ]
          ],
          "private": "eyJlMmJmYjczMC1lY2FhLTExZTYtOGY4OC0zNDM2M2JjN2M0YzAiOnsiY3JlYXRlIjoxODAwMDAwMDAwMDAwLCJkZWxldGUiOjE4MDAwMDAwMDAwMDAsInJlYWQiOjMwMDAwMDAwMDAwMCwidXBkYXRlIjoxODAwMDAwMDAwMDAwfX0=",
          "dependencies": [
            "azurerm_network_interface.my_terraform_nic",
            "azurerm_public_ip.my_terraform_public_ip",
            "azurerm_resource_group.rg",
            "azurerm_storage_account.my_storage_account",
            "azurerm_subnet.my_terraform_subnet",
            "azurerm_virtual_network.my_terraform_network",
            "azurerm_windows_virtual_machine.main",
            "random_id.random_id",
            "random_password.password",
            "random_pet.prefix"
          ]
        }
      ]
    },
    {
      "mode": "managed",
      "type": "azurerm_virtual_network",
      "name": "my_terraform_network",
      "provider": "provider[\"registry.terraform.io/hashicorp/azurerm\"]",
      "instances": [
        {
          "schema_version": 0,
          "attributes": {
            "address_space": [
              "10.0.0.0/16"
            ],
            "bgp_community": "",
            "ddos_protection_plan": [],
            "dns_servers": [],
            "edge_zone": "",
            "flow_timeout_in_minutes": 0,
            "guid": "7cab503b-c1f8-480b-8587-dad0e4ad9e20",
            "id": "/subscriptions/b2c03311-e026-4ea8-a2d0-d4506388ba48/resourceGroups/win-vm-iis-reptile-rg/providers/Microsoft.Network/virtualNetworks/win-vm-iis-reptile-vnet",
            "location": "westeurope",
            "name": "win-vm-iis-reptile-vnet",
            "resource_group_name": "win-vm-iis-reptile-rg",
            "subnet": [],
            "tags": null,
            "timeouts": null
          },
          "sensitive_attributes": [],
          "private": "eyJlMmJmYjczMC1lY2FhLTExZTYtOGY4OC0zNDM2M2JjN2M0YzAiOnsiY3JlYXRlIjoxODAwMDAwMDAwMDAwLCJkZWxldGUiOjE4MDAwMDAwMDAwMDAsInJlYWQiOjMwMDAwMDAwMDAwMCwidXBkYXRlIjoxODAwMDAwMDAwMDAwfX0=",
          "dependencies": [
            "azurerm_resource_group.rg",
            "random_pet.prefix"
          ]
        }
      ]
    },
    {
      "mode": "managed",
      "type": "azurerm_windows_virtual_machine",
      "name": "main",
      "provider": "provider[\"registry.terraform.io/hashicorp/azurerm\"]",
      "instances": [
        {
          "schema_version": 0,
          "attributes": {
            "additional_capabilities": [],
            "additional_unattend_content": [],
            "admin_password": "d}KASCq6@IMM8eTgzw=G",
            "admin_username": "azureuser",
            "allow_extension_operations": true,
            "availability_set_id": "",
            "boot_diagnostics": [
              {
                "storage_account_uri": "https://diagf7e5f9c15bea5c34.blob.core.windows.net/"
              }
            ],
            "computer_name": "win-vm-iis-vm",
            "custom_data": null,
            "dedicated_host_group_id": "",
            "dedicated_host_id": "",
            "edge_zone": "",
            "enable_automatic_updates": true,
            "encryption_at_host_enabled": false,
            "eviction_policy": "",
            "extensions_time_budget": "PT1H30M",
            "hotpatching_enabled": false,
            "id": "/subscriptions/b2c03311-e026-4ea8-a2d0-d4506388ba48/resourceGroups/win-vm-iis-reptile-rg/providers/Microsoft.Compute/virtualMachines/win-vm-iis-vm",
            "identity": [],
            "license_type": "",
            "location": "westeurope",
            "max_bid_price": -1,
            "name": "win-vm-iis-vm",
            "network_interface_ids": [
              "/subscriptions/b2c03311-e026-4ea8-a2d0-d4506388ba48/resourceGroups/win-vm-iis-reptile-rg/providers/Microsoft.Network/networkInterfaces/win-vm-iis-reptile-nic"
            ],
            "os_disk": [
              {
                "caching": "ReadWrite",
                "diff_disk_settings": [],
                "disk_encryption_set_id": "",
                "disk_size_gb": 127,
                "name": "myOsDisk",
                "storage_account_type": "Standard_LRS",
                "write_accelerator_enabled": false
              }
            ],
            "patch_mode": "AutomaticByOS",
            "plan": [],
            "platform_fault_domain": -1,
            "priority": "Regular",
            "private_ip_address": "10.0.1.4",
            "private_ip_addresses": [
              "10.0.1.4"
            ],
            "provision_vm_agent": true,
            "proximity_placement_group_id": "",
            "public_ip_address": "20.234.224.77",
            "public_ip_addresses": [
              "20.234.224.77"
            ],
            "resource_group_name": "win-vm-iis-reptile-rg",
            "secret": [],
            "secure_boot_enabled": false,
            "size": "Standard_B2s",
            "source_image_id": "",
            "source_image_reference": [
              {
                "offer": "WindowsServer",
                "publisher": "MicrosoftWindowsServer",
                "sku": "2022-datacenter-azure-edition",
                "version": "latest"
              }
            ],
            "tags": null,
            "termination_notification": null,
            "timeouts": null,
            "timezone": "",
            "user_data": "",
            "virtual_machine_id": "5d1937fa-60e0-4baf-9364-97e4bf071fd5",
            "virtual_machine_scale_set_id": "",
            "vtpm_enabled": false,
            "winrm_listener": [],
            "zone": ""
          },
          "sensitive_attributes": [
            [
              {
                "type": "get_attr",
                "value": "custom_data"
              }
            ],
            [
              {
                "type": "get_attr",
                "value": "admin_password"
              }
            ]
          ],
          "private": "eyJlMmJmYjczMC1lY2FhLTExZTYtOGY4OC0zNDM2M2JjN2M0YzAiOnsiY3JlYXRlIjoyNzAwMDAwMDAwMDAwLCJkZWxldGUiOjI3MDAwMDAwMDAwMDAsInJlYWQiOjMwMDAwMDAwMDAwMCwidXBkYXRlIjoyNzAwMDAwMDAwMDAwfX0=",
          "dependencies": [
            "azurerm_network_interface.my_terraform_nic",
            "azurerm_public_ip.my_terraform_public_ip",
            "azurerm_resource_group.rg",
            "azurerm_storage_account.my_storage_account",
            "azurerm_subnet.my_terraform_subnet",
            "azurerm_virtual_network.my_terraform_network",
            "random_id.random_id",
            "random_password.password",
            "random_pet.prefix"
          ]
        }
      ]
    },
    {
      "mode": "managed",
      "type": "random_id",
      "name": "random_id",
      "provider": "provider[\"registry.terraform.io/hashicorp/random\"]",
      "instances": [
        {
          "schema_version": 0,
          "attributes": {
            "b64_std": "9+X5wVvqXDQ=",
            "b64_url": "9-X5wVvqXDQ",
            "byte_length": 8,
            "dec": "17862958105901030452",
            "hex": "f7e5f9c15bea5c34",
            "id": "9-X5wVvqXDQ",
            "keepers": {
              "resource_group": "win-vm-iis-reptile-rg"
            },
            "prefix": null
          },
          "sensitive_attributes": [],
          "dependencies": [
            "azurerm_resource_group.rg",
            "random_pet.prefix"
          ]
        }
      ]
    },
    {
      "mode": "managed",
      "type": "random_password",
      "name": "password",
      "provider": "provider[\"registry.terraform.io/hashicorp/random\"]",
      "instances": [
        {
          "schema_version": 3,
          "attributes": {
            "bcrypt_hash": "$2a$10$deTWfQvqWnLcfVSpkmE0dOWT59m.RZIujy9ZlizzZfDMaQyYQG9tG",
            "id": "none",
            "keepers": null,
            "length": 20,
            "lower": true,
            "min_lower": 1,
            "min_numeric": 1,
            "min_special": 1,
            "min_upper": 1,
            "number": true,
            "numeric": true,
            "override_special": null,
            "result": "d}KASCq6@IMM8eTgzw=G",
            "special": true,
            "upper": true
          },
          "sensitive_attributes": [
            [
              {
                "type": "get_attr",
                "value": "bcrypt_hash"
              }
            ],
            [
              {
                "type": "get_attr",
                "value": "result"
              }
            ]
          ]
        }
      ]
    },
    {
      "mode": "managed",
      "type": "random_pet",
      "name": "prefix",
      "provider": "provider[\"registry.terraform.io/hashicorp/random\"]",
      "instances": [
        {
          "schema_version": 0,
          "attributes": {
            "id": "win-vm-iis-reptile",
            "keepers": null,
            "length": 1,
            "prefix": "win-vm-iis",
            "separator": "-"
          },
          "sensitive_attributes": []
        }
      ]
    }
  ],
  "check_results": null
}
